// !$*UTF8*$!
{
	archiveVersion = 1;
	classes = {
	};
	objectVersion = 55;
	objects = {

/* Begin PBXBuildFile section */
		B109DD1E2906E15500297534 /* Le_ArtApp.swift in Sources */ = {isa = PBXBuildFile; fileRef = B109DD1D2906E15500297534 /* Le_ArtApp.swift */; };
		B109DD202906E15500297534 /* ContentView.swift in Sources */ = {isa = PBXBuildFile; fileRef = B109DD1F2906E15500297534 /* ContentView.swift */; };
		B109DD222906E15900297534 /* Assets.xcassets in Resources */ = {isa = PBXBuildFile; fileRef = B109DD212906E15900297534 /* Assets.xcassets */; };
		B109DD252906E15900297534 /* Preview Assets.xcassets in Resources */ = {isa = PBXBuildFile; fileRef = B109DD242906E15900297534 /* Preview Assets.xcassets */; };
		B109DD2F2906E15900297534 /* Le_ArtTests.swift in Sources */ = {isa = PBXBuildFile; fileRef = B109DD2E2906E15900297534 /* Le_ArtTests.swift */; };
		B109DD392906E15900297534 /* Le_ArtUITests.swift in Sources */ = {isa = PBXBuildFile; fileRef = B109DD382906E15900297534 /* Le_ArtUITests.swift */; };
		B109DD3B2906E15900297534 /* Le_ArtUITestsLaunchTests.swift in Sources */ = {isa = PBXBuildFile; fileRef = B109DD3A2906E15900297534 /* Le_ArtUITestsLaunchTests.swift */; };
/* End PBXBuildFile section */

/* Begin PBXContainerItemProxy section */
		B109DD2B2906E15900297534 /* PBXContainerItemProxy */ = {
			isa = PBXContainerItemProxy;
			containerPortal = B109DD122906E15500297534 /* Project object */;
			proxyType = 1;
			remoteGlobalIDString = B109DD192906E15500297534;
			remoteInfo = "Le Art";
		};
		B109DD352906E15900297534 /* PBXContainerItemProxy */ = {
			isa = PBXContainerItemProxy;
			containerPortal = B109DD122906E15500297534 /* Project object */;
			proxyType = 1;
			remoteGlobalIDString = B109DD192906E15500297534;
			remoteInfo = "Le Art";
		};
/* End PBXContainerItemProxy section */

/* Begin PBXFileReference section */
		B109DD1A2906E15500297534 /* Le Art.app */ = {isa = PBXFileReference; explicitFileType = wrapper.application; includeInIndex = 0; path = "Le Art.app"; sourceTree = BUILT_PRODUCTS_DIR; };
		B109DD1D2906E15500297534 /* Le_ArtApp.swift */ = {isa = PBXFileReference; lastKnownFileType = sourcecode.swift; path = Le_ArtApp.swift; sourceTree = "<group>"; };
		B109DD1F2906E15500297534 /* ContentView.swift */ = {isa = PBXFileReference; lastKnownFileType = sourcecode.swift; path = ContentView.swift; sourceTree = "<group>"; };
		B109DD212906E15900297534 /* Assets.xcassets */ = {isa = PBXFileReference; lastKnownFileType = folder.assetcatalog; path = Assets.xcassets; sourceTree = "<group>"; };
		B109DD242906E15900297534 /* Preview Assets.xcassets */ = {isa = PBXFileReference; lastKnownFileType = folder.assetcatalog; path = "Preview Assets.xcassets"; sourceTree = "<group>"; };
		B109DD2A2906E15900297534 /* Le ArtTests.xctest */ = {isa = PBXFileReference; explicitFileType = wrapper.cfbundle; includeInIndex = 0; path = "Le ArtTests.xctest"; sourceTree = BUILT_PRODUCTS_DIR; };
		B109DD2E2906E15900297534 /* Le_ArtTests.swift */ = {isa = PBXFileReference; lastKnownFileType = sourcecode.swift; path = Le_ArtTests.swift; sourceTree = "<group>"; };
		B109DD342906E15900297534 /* Le ArtUITests.xctest */ = {isa = PBXFileReference; explicitFileType = wrapper.cfbundle; includeInIndex = 0; path = "Le ArtUITests.xctest"; sourceTree = BUILT_PRODUCTS_DIR; };
		B109DD382906E15900297534 /* Le_ArtUITests.swift */ = {isa = PBXFileReference; lastKnownFileType = sourcecode.swift; path = Le_ArtUITests.swift; sourceTree = "<group>"; };
		B109DD3A2906E15900297534 /* Le_ArtUITestsLaunchTests.swift */ = {isa = PBXFileReference; lastKnownFileType = sourcecode.swift; path = Le_ArtUITestsLaunchTests.swift; sourceTree = "<group>"; };
/* End PBXFileReference section */

/* Begin PBXFrameworksBuildPhase section */
		B109DD172906E15500297534 /* Frameworks */ = {
			isa = PBXFrameworksBuildPhase;
			buildActionMask = 2147483647;
			files = (
			);
			runOnlyForDeploymentPostprocessing = 0;
		};
		B109DD272906E15900297534 /* Frameworks */ = {
			isa = PBXFrameworksBuildPhase;
			buildActionMask = 2147483647;
			files = (
			);
			runOnlyForDeploymentPostprocessing = 0;
		};
		B109DD312906E15900297534 /* Frameworks */ = {
			isa = PBXFrameworksBuildPhase;
			buildActionMask = 2147483647;
			files = (
			);
			runOnlyForDeploymentPostprocessing = 0;
		};
/* End PBXFrameworksBuildPhase section */

/* Begin PBXGroup section */
		B109DD112906E15500297534 = {
			isa = PBXGroup;
			children = (
				B109DD1C2906E15500297534 /* Le Art */,
				B109DD2D2906E15900297534 /* Le ArtTests */,
				B109DD372906E15900297534 /* Le ArtUITests */,
				B109DD1B2906E15500297534 /* Products */,
			);
			sourceTree = "<group>";
		};
		B109DD1B2906E15500297534 /* Products */ = {
			isa = PBXGroup;
			children = (
				B109DD1A2906E15500297534 /* Le Art.app */,
				B109DD2A2906E15900297534 /* Le ArtTests.xctest */,
				B109DD342906E15900297534 /* Le ArtUITests.xctest */,
			);
			name = Products;
			sourceTree = "<group>";
		};
		B109DD1C2906E15500297534 /* Le Art */ = {
			isa = PBXGroup;
			children = (
				B109DD1D2906E15500297534 /* Le_ArtApp.swift */,
				B109DD1F2906E15500297534 /* ContentView.swift */,
				B109DD212906E15900297534 /* Assets.xcassets */,
				B109DD232906E15900297534 /* Preview Content */,
			);
			path = "Le Art";
			sourceTree = "<group>";
		};
		B109DD232906E15900297534 /* Preview Content */ = {
			isa = PBXGroup;
			children = (
				B109DD242906E15900297534 /* Preview Assets.xcassets */,
			);
			path = "Preview Content";
			sourceTree = "<group>";
		};
		B109DD2D2906E15900297534 /* Le ArtTests */ = {
			isa = PBXGroup;
			children = (
				B109DD2E2906E15900297534 /* Le_ArtTests.swift */,
			);
			path = "Le ArtTests";
			sourceTree = "<group>";
		};
		B109DD372906E15900297534 /* Le ArtUITests */ = {
			isa = PBXGroup;
			children = (
				B109DD382906E15900297534 /* Le_ArtUITests.swift */,
				B109DD3A2906E15900297534 /* Le_ArtUITestsLaunchTests.swift */,
			);
			path = "Le ArtUITests";
			sourceTree = "<group>";
		};
/* End PBXGroup section */

/* Begin PBXNativeTarget section */
		B109DD192906E15500297534 /* Le Art */ = {
			isa = PBXNativeTarget;
			buildConfigurationList = B109DD3E2906E15900297534 /* Build configuration list for PBXNativeTarget "Le Art" */;
			buildPhases = (
				B109DD162906E15500297534 /* Sources */,
				B109DD172906E15500297534 /* Frameworks */,
				B109DD182906E15500297534 /* Resources */,
			);
			buildRules = (
			);
			dependencies = (
			);
			name = "Le Art";
			productName = "Le Art";
			productReference = B109DD1A2906E15500297534 /* Le Art.app */;
			productType = "com.apple.product-type.application";
		};
		B109DD292906E15900297534 /* Le ArtTests */ = {
			isa = PBXNativeTarget;
			buildConfigurationList = B109DD412906E15900297534 /* Build configuration list for PBXNativeTarget "Le ArtTests" */;
			buildPhases = (
				B109DD262906E15900297534 /* Sources */,
				B109DD272906E15900297534 /* Frameworks */,
				B109DD282906E15900297534 /* Resources */,
			);
			buildRules = (
			);
			dependencies = (
				B109DD2C2906E15900297534 /* PBXTargetDependency */,
			);
			name = "Le ArtTests";
			productName = "Le ArtTests";
			productReference = B109DD2A2906E15900297534 /* Le ArtTests.xctest */;
			productType = "com.apple.product-type.bundle.unit-test";
		};
		B109DD332906E15900297534 /* Le ArtUITests */ = {
			isa = PBXNativeTarget;
			buildConfigurationList = B109DD442906E15900297534 /* Build configuration list for PBXNativeTarget "Le ArtUITests" */;
			buildPhases = (
				B109DD302906E15900297534 /* Sources */,
				B109DD312906E15900297534 /* Frameworks */,
				B109DD322906E15900297534 /* Resources */,
			);
			buildRules = (
			);
			dependencies = (
				B109DD362906E15900297534 /* PBXTargetDependency */,
			);
			name = "Le ArtUITests";
			productName = "Le ArtUITests";
			productReference = B109DD342906E15900297534 /* Le ArtUITests.xctest */;
			productType = "com.apple.product-type.bundle.ui-testing";
		};
/* End PBXNativeTarget section */

/* Begin PBXProject section */
		B109DD122906E15500297534 /* Project object */ = {
			isa = PBXProject;
			attributes = {
				BuildIndependentTargetsInParallel = 1;
				LastSwiftUpdateCheck = 1340;
				LastUpgradeCheck = 1340;
				TargetAttributes = {
					B109DD192906E15500297534 = {
						CreatedOnToolsVersion = 13.4.1;
					};
					B109DD292906E15900297534 = {
						CreatedOnToolsVersion = 13.4.1;
						TestTargetID = B109DD192906E15500297534;
					};
					B109DD332906E15900297534 = {
						CreatedOnToolsVersion = 13.4.1;
						TestTargetID = B109DD192906E15500297534;
					};
				};
			};
			buildConfigurationList = B109DD152906E15500297534 /* Build configuration list for PBXProject "Le Art" */;
			compatibilityVersion = "Xcode 13.0";
			developmentRegion = en;
			hasScannedForEncodings = 0;
			knownRegions = (
				en,
				Base,
			);
			mainGroup = B109DD112906E15500297534;
			productRefGroup = B109DD1B2906E15500297534 /* Products */;
			projectDirPath = "";
			projectRoot = "";
			targets = (
				B109DD192906E15500297534 /* Le Art */,
				B109DD292906E15900297534 /* Le ArtTests */,
				B109DD332906E15900297534 /* Le ArtUITests */,
			);
		};
/* End PBXProject section */

/* Begin PBXResourcesBuildPhase section */
		B109DD182906E15500297534 /* Resources */ = {
			isa = PBXResourcesBuildPhase;
			buildActionMask = 2147483647;
			files = (
				B109DD252906E15900297534 /* Preview Assets.xcassets in Resources */,
				B109DD222906E15900297534 /* Assets.xcassets in Resources */,
			);
			runOnlyForDeploymentPostprocessing = 0;
		};
		B109DD282906E15900297534 /* Resources */ = {
			isa = PBXResourcesBuildPhase;
			buildActionMask = 2147483647;
			files = (
			);
			runOnlyForDeploymentPostprocessing = 0;
		};
		B109DD322906E15900297534 /* Resources */ = {
			isa = PBXResourcesBuildPhase;
			buildActionMask = 2147483647;
			files = (
			);
			runOnlyForDeploymentPostprocessing = 0;
		};
/* End PBXResourcesBuildPhase section */

/* Begin PBXSourcesBuildPhase section */
		B109DD162906E15500297534 /* Sources */ = {
			isa = PBXSourcesBuildPhase;
			buildActionMask = 2147483647;
			files = (
				B109DD202906E15500297534 /* ContentView.swift in Sources */,
				B109DD1E2906E15500297534 /* Le_ArtApp.swift in Sources */,
			);
			runOnlyForDeploymentPostprocessing = 0;
		};
		B109DD262906E15900297534 /* Sources */ = {
			isa = PBXSourcesBuildPhase;
			buildActionMask = 2147483647;
			files = (
				B109DD2F2906E15900297534 /* Le_ArtTests.swift in Sources */,
			);
			runOnlyForDeploymentPostprocessing = 0;
		};
		B109DD302906E15900297534 /* Sources */ = {
			isa = PBXSourcesBuildPhase;
			buildActionMask = 2147483647;
			files = (
				B109DD392906E15900297534 /* Le_ArtUITests.swift in Sources */,
				B109DD3B2906E15900297534 /* Le_ArtUITestsLaunchTests.swift in Sources */,
			);
			runOnlyForDeploymentPostprocessing = 0;
		};
/* End PBXSourcesBuildPhase section */

/* Begin PBXTargetDependency section */
		B109DD2C2906E15900297534 /* PBXTargetDependency */ = {
			isa = PBXTargetDependency;
			target = B109DD192906E15500297534 /* Le Art */;
			targetProxy = B109DD2B2906E15900297534 /* PBXContainerItemProxy */;
		};
		B109DD362906E15900297534 /* PBXTargetDependency */ = {
			isa = PBXTargetDependency;
			target = B109DD192906E15500297534 /* Le Art */;
			targetProxy = B109DD352906E15900297534 /* PBXContainerItemProxy */;
		};
/* End PBXTargetDependency section */

/* Begin XCBuildConfiguration section */
		B109DD3C2906E15900297534 /* Debug */ = {
			isa = XCBuildConfiguration;
			buildSettings = {
				ALWAYS_SEARCH_USER_PATHS = NO;
				CLANG_ANALYZER_NONNULL = YES;
				CLANG_ANALYZER_NUMBER_OBJECT_CONVERSION = YES_AGGRESSIVE;
				CLANG_CXX_LANGUAGE_STANDARD = "gnu++17";
				CLANG_ENABLE_MODULES = YES;
				CLANG_ENABLE_OBJC_ARC = YES;
				CLANG_ENABLE_OBJC_WEAK = YES;
				CLANG_WARN_BLOCK_CAPTURE_AUTORELEASING = YES;
				CLANG_WARN_BOOL_CONVERSION = YES;
				CLANG_WARN_COMMA = YES;
				CLANG_WARN_CONSTANT_CONVERSION = YES;
				CLANG_WARN_DEPRECATED_OBJC_IMPLEMENTATIONS = YES;
				CLANG_WARN_DIRECT_OBJC_ISA_USAGE = YES_ERROR;
				CLANG_WARN_DOCUMENTATION_COMMENTS = YES;
				CLANG_WARN_EMPTY_BODY = YES;
				CLANG_WARN_ENUM_CONVERSION = YES;
				CLANG_WARN_INFINITE_RECURSION = YES;
				CLANG_WARN_INT_CONVERSION = YES;
				CLANG_WARN_NON_LITERAL_NULL_CONVERSION = YES;
				CLANG_WARN_OBJC_IMPLICIT_RETAIN_SELF = YES;
				CLANG_WARN_OBJC_LITERAL_CONVERSION = YES;
				CLANG_WARN_OBJC_ROOT_CLASS = YES_ERROR;
				CLANG_WARN_QUOTED_INCLUDE_IN_FRAMEWORK_HEADER = YES;
				CLANG_WARN_RANGE_LOOP_ANALYSIS = YES;
				CLANG_WARN_STRICT_PROTOTYPES = YES;
				CLANG_WARN_SUSPICIOUS_MOVE = YES;
				CLANG_WARN_UNGUARDED_AVAILABILITY = YES_AGGRESSIVE;
				CLANG_WARN_UNREACHABLE_CODE = YES;
				CLANG_WARN__DUPLICATE_METHOD_MATCH = YES;
				COPY_PHASE_STRIP = NO;
				DEBUG_INFORMATION_FORMAT = dwarf;
				ENABLE_STRICT_OBJC_MSGSEND = YES;
				ENABLE_TESTABILITY = YES;
				GCC_C_LANGUAGE_STANDARD = gnu11;
				GCC_DYNAMIC_NO_PIC = NO;
				GCC_NO_COMMON_BLOCKS = YES;
				GCC_OPTIMIZATION_LEVEL = 0;
				GCC_PREPROCESSOR_DEFINITIONS = (
					"DEBUG=1",
					"$(inherited)",
				);
				GCC_WARN_64_TO_32_BIT_CONVERSION = YES;
				GCC_WARN_ABOUT_RETURN_TYPE = YES_ERROR;
				GCC_WARN_UNDECLARED_SELECTOR = YES;
				GCC_WARN_UNINITIALIZED_AUTOS = YES_AGGRESSIVE;
				GCC_WARN_UNUSED_FUNCTION = YES;
				GCC_WARN_UNUSED_VARIABLE = YES;
				IPHONEOS_DEPLOYMENT_TARGET = 15.5;
				MTL_ENABLE_DEBUG_INFO = INCLUDE_SOURCE;
				MTL_FAST_MATH = YES;
				ONLY_ACTIVE_ARCH = YES;
				SDKROOT = iphoneos;
				SWIFT_ACTIVE_COMPILATION_CONDITIONS = DEBUG;
				SWIFT_OPTIMIZATION_LEVEL = "-Onone";
			};
			name = Debug;
		};
		B109DD3D2906E15900297534 /* Release */ = {
			isa = XCBuildConfiguration;
			buildSettings = {
				ALWAYS_SEARCH_USER_PATHS = NO;
				CLANG_ANALYZER_NONNULL = YES;
				CLANG_ANALYZER_NUMBER_OBJECT_CONVERSION = YES_AGGRESSIVE;
				CLANG_CXX_LANGUAGE_STANDARD = "gnu++17";
				CLANG_ENABLE_MODULES = YES;
				CLANG_ENABLE_OBJC_ARC = YES;
				CLANG_ENABLE_OBJC_WEAK = YES;
				CLANG_WARN_BLOCK_CAPTURE_AUTORELEASING = YES;
				CLANG_WARN_BOOL_CONVERSION = YES;
				CLANG_WARN_COMMA = YES;
				CLANG_WARN_CONSTANT_CONVERSION = YES;
				CLANG_WARN_DEPRECATED_OBJC_IMPLEMENTATIONS = YES;
				CLANG_WARN_DIRECT_OBJC_ISA_USAGE = YES_ERROR;
				CLANG_WARN_DOCUMENTATION_COMMENTS = YES;
				CLANG_WARN_EMPTY_BODY = YES;
				CLANG_WARN_ENUM_CONVERSION = YES;
				CLANG_WARN_INFINITE_RECURSION = YES;
				CLANG_WARN_INT_CONVERSION = YES;
				CLANG_WARN_NON_LITERAL_NULL_CONVERSION = YES;
				CLANG_WARN_OBJC_IMPLICIT_RETAIN_SELF = YES;
				CLANG_WARN_OBJC_LITERAL_CONVERSION = YES;
				CLANG_WARN_OBJC_ROOT_CLASS = YES_ERROR;
				CLANG_WARN_QUOTED_INCLUDE_IN_FRAMEWORK_HEADER = YES;
				CLANG_WARN_RANGE_LOOP_ANALYSIS = YES;
				CLANG_WARN_STRICT_PROTOTYPES = YES;
				CLANG_WARN_SUSPICIOUS_MOVE = YES;
				CLANG_WARN_UNGUARDED_AVAILABILITY = YES_AGGRESSIVE;
				CLANG_WARN_UNREACHABLE_CODE = YES;
				CLANG_WARN__DUPLICATE_METHOD_MATCH = YES;
				COPY_PHASE_STRIP = NO;
				DEBUG_INFORMATION_FORMAT = "dwarf-with-dsym";
				ENABLE_NS_ASSERTIONS = NO;
				ENABLE_STRICT_OBJC_MSGSEND = YES;
				GCC_C_LANGUAGE_STANDARD = gnu11;
				GCC_NO_COMMON_BLOCKS = YES;
				GCC_WARN_64_TO_32_BIT_CONVERSION = YES;
				GCC_WARN_ABOUT_RETURN_TYPE = YES_ERROR;
				GCC_WARN_UNDECLARED_SELECTOR = YES;
				GCC_WARN_UNINITIALIZED_AUTOS = YES_AGGRESSIVE;
				GCC_WARN_UNUSED_FUNCTION = YES;
				GCC_WARN_UNUSED_VARIABLE = YES;
				IPHONEOS_DEPLOYMENT_TARGET = 15.5;
				MTL_ENABLE_DEBUG_INFO = NO;
				MTL_FAST_MATH = YES;
				SDKROOT = iphoneos;
				SWIFT_COMPILATION_MODE = wholemodule;
				SWIFT_OPTIMIZATION_LEVEL = "-O";
				VALIDATE_PRODUCT = YES;
			};
			name = Release;
		};
		B109DD3F2906E15900297534 /* Debug */ = {
			isa = XCBuildConfiguration;
			buildSettings = {
				ASSETCATALOG_COMPILER_APPICON_NAME = AppIcon;
				ASSETCATALOG_COMPILER_GLOBAL_ACCENT_COLOR_NAME = AccentColor;
				CODE_SIGN_STYLE = Automatic;
				CURRENT_PROJECT_VERSION = 1;
				DEVELOPMENT_ASSET_PATHS = "\"Le Art/Preview Content\"";
				ENABLE_PREVIEWS = YES;
				GENERATE_INFOPLIST_FILE = YES;
				INFOPLIST_KEY_UIApplicationSceneManifest_Generation = YES;
				INFOPLIST_KEY_UIApplicationSupportsIndirectInputEvents = YES;
				INFOPLIST_KEY_UILaunchScreen_Generation = YES;
				INFOPLIST_KEY_UISupportedInterfaceOrientations_iPad = "UIInterfaceOrientationPortrait UIInterfaceOrientationPortraitUpsideDown UIInterfaceOrientationLandscapeLeft UIInterfaceOrientationLandscapeRight";
				INFOPLIST_KEY_UISupportedInterfaceOrientations_iPhone = "UIInterfaceOrientationPortrait UIInterfaceOrientationLandscapeLeft UIInterfaceOrientationLandscapeRight";
				LD_RUNPATH_SEARCH_PATHS = (
					"$(inherited)",
					"@executable_path/Frameworks",
				);
				MARKETING_VERSION = 1.0;
				PRODUCT_BUNDLE_IDENTIFIER = "L-atelier-du-Pingouin.Le-Art";
				PRODUCT_NAME = "$(TARGET_NAME)";
				SWIFT_EMIT_LOC_STRINGS = YES;
				SWIFT_VERSION = 5.0;
				TARGETED_DEVICE_FAMILY = "1,2";
			};
			name = Debug;
		};
		B109DD402906E15900297534 /* Release */ = {
			isa = XCBuildConfiguration;
			buildSettings = {
				ASSETCATALOG_COMPILER_APPICON_NAME = AppIcon;
				ASSETCATALOG_COMPILER_GLOBAL_ACCENT_COLOR_NAME = AccentColor;
				CODE_SIGN_STYLE = Automatic;
				CURRENT_PROJECT_VERSION = 1;
				DEVELOPMENT_ASSET_PATHS = "\"Le Art/Preview Content\"";
				ENABLE_PREVIEWS = YES;
				GENERATE_INFOPLIST_FILE = YES;
				INFOPLIST_KEY_UIApplicationSceneManifest_Generation = YES;
				INFOPLIST_KEY_UIApplicationSupportsIndirectInputEvents = YES;
				INFOPLIST_KEY_UILaunchScreen_Generation = YES;
				INFOPLIST_KEY_UISupportedInterfaceOrientations_iPad = "UIInterfaceOrientationPortrait UIInterfaceOrientationPortraitUpsideDown UIInterfaceOrientationLandscapeLeft UIInterfaceOrientationLandscapeRight";
				INFOPLIST_KEY_UISupportedInterfaceOrientations_iPhone = "UIInterfaceOrientationPortrait UIInterfaceOrientationLandscapeLeft UIInterfaceOrientationLandscapeRight";
				LD_RUNPATH_SEARCH_PATHS = (
					"$(inherited)",
					"@executable_path/Frameworks",
				);
				MARKETING_VERSION = 1.0;
				PRODUCT_BUNDLE_IDENTIFIER = "L-atelier-du-Pingouin.Le-Art";
				PRODUCT_NAME = "$(TARGET_NAME)";
				SWIFT_EMIT_LOC_STRINGS = YES;
				SWIFT_VERSION = 5.0;
				TARGETED_DEVICE_FAMILY = "1,2";
			};
			name = Release;
		};
		B109DD422906E15900297534 /* Debug */ = {
			isa = XCBuildConfiguration;
			buildSettings = {
				ALWAYS_EMBED_SWIFT_STANDARD_LIBRARIES = YES;
				BUNDLE_LOADER = "$(TEST_HOST)";
				CODE_SIGN_STYLE = Automatic;
				CURRENT_PROJECT_VERSION = 1;
				GENERATE_INFOPLIST_FILE = YES;
				IPHONEOS_DEPLOYMENT_TARGET = 15.5;
				MARKETING_VERSION = 1.0;
				PRODUCT_BUNDLE_IDENTIFIER = "L-atelier-du-Pingouin.Le-ArtTests";
				PRODUCT_NAME = "$(TARGET_NAME)";
				SWIFT_EMIT_LOC_STRINGS = NO;
				SWIFT_VERSION = 5.0;
				TARGETED_DEVICE_FAMILY = "1,2";
				TEST_HOST = "$(BUILT_PRODUCTS_DIR)/Le Art.app/Le Art";
			};
			name = Debug;
		};
		B109DD432906E15900297534 /* Release */ = {
			isa = XCBuildConfiguration;
			buildSettings = {
				ALWAYS_EMBED_SWIFT_STANDARD_LIBRARIES = YES;
				BUNDLE_LOADER = "$(TEST_HOST)";
				CODE_SIGN_STYLE = Automatic;
				CURRENT_PROJECT_VERSION = 1;
				GENERATE_INFOPLIST_FILE = YES;
				IPHONEOS_DEPLOYMENT_TARGET = 15.5;
				MARKETING_VERSION = 1.0;
				PRODUCT_BUNDLE_IDENTIFIER = "L-atelier-du-Pingouin.Le-ArtTests";
				PRODUCT_NAME = "$(TARGET_NAME)";
				SWIFT_EMIT_LOC_STRINGS = NO;
				SWIFT_VERSION = 5.0;
				TARGETED_DEVICE_FAMILY = "1,2";
				TEST_HOST = "$(BUILT_PRODUCTS_DIR)/Le Art.app/Le Art";
			};
			name = Release;
		};
		B109DD452906E15900297534 /* Debug */ = {
			isa = XCBuildConfiguration;
			buildSettings = {
				ALWAYS_EMBED_SWIFT_STANDARD_LIBRARIES = YES;
				CODE_SIGN_STYLE = Automatic;
				CURRENT_PROJECT_VERSION = 1;
				GENERATE_INFOPLIST_FILE = YES;
				MARKETING_VERSION = 1.0;
				PRODUCT_BUNDLE_IDENTIFIER = "L-atelier-du-Pingouin.Le-ArtUITests";
				PRODUCT_NAME = "$(TARGET_NAME)";
				SWIFT_EMIT_LOC_STRINGS = NO;
				SWIFT_VERSION = 5.0;
				TARGETED_DEVICE_FAMILY = "1,2";
				TEST_TARGET_NAME = "Le Art";
			};
			name = Debug;
		};
		B109DD462906E15900297534 /* Release */ = {
			isa = XCBuildConfiguration;
			buildSettings = {
				ALWAYS_EMBED_SWIFT_STANDARD_LIBRARIES = YES;
				CODE_SIGN_STYLE = Automatic;
				CURRENT_PROJECT_VERSION = 1;
				GENERATE_INFOPLIST_FILE = YES;
				MARKETING_VERSION = 1.0;
				PRODUCT_BUNDLE_IDENTIFIER = "L-atelier-du-Pingouin.Le-ArtUITests";
				PRODUCT_NAME = "$(TARGET_NAME)";
				SWIFT_EMIT_LOC_STRINGS = NO;
				SWIFT_VERSION = 5.0;
				TARGETED_DEVICE_FAMILY = "1,2";
				TEST_TARGET_NAME = "Le Art";
			};
			name = Release;
		};
/* End XCBuildConfiguration section */

/* Begin XCConfigurationList section */
		B109DD152906E15500297534 /* Build configuration list for PBXProject "Le Art" */ = {
			isa = XCConfigurationList;
			buildConfigurations = (
				B109DD3C2906E15900297534 /* Debug */,
				B109DD3D2906E15900297534 /* Release */,
			);
			defaultConfigurationIsVisible = 0;
			defaultConfigurationName = Release;
		};
		B109DD3E2906E15900297534 /* Build configuration list for PBXNativeTarget "Le Art" */ = {
			isa = XCConfigurationList;
			buildConfigurations = (
				B109DD3F2906E15900297534 /* Debug */,
				B109DD402906E15900297534 /* Release */,
			);
			defaultConfigurationIsVisible = 0;
			defaultConfigurationName = Release;
		};
		B109DD412906E15900297534 /* Build configuration list for PBXNativeTarget "Le ArtTests" */ = {
			isa = XCConfigurationList;
			buildConfigurations = (
				B109DD422906E15900297534 /* Debug */,
				B109DD432906E15900297534 /* Release */,
			);
			defaultConfigurationIsVisible = 0;
			defaultConfigurationName = Release;
		};
		B109DD442906E15900297534 /* Build configuration list for PBXNativeTarget "Le ArtUITests" */ = {
			isa = XCConfigurationList;
			buildConfigurations = (
				B109DD452906E15900297534 /* Debug */,
				B109DD462906E15900297534 /* Release */,
			);
			defaultConfigurationIsVisible = 0;
			defaultConfigurationName = Release;
		};
/* End XCConfigurationList section */
	};
	rootObject = B109DD122906E15500297534 /* Project object */;
}
